
Microsoft Visual Studio Solution File, Format Version 12.00
# Visual Studio Version 16
VisualStudioVersion = 16.0.30503.244
MinimumVisualStudioVersion = 10.0.40219.1
Project("{FAE04EC0-301F-11D3-BF4B-00C04F79EFBC}") = "CompleteAssignmentTests3", "..\CompleteAssignmentTests3\CompleteAssignmentTests3\CompleteAssignmentTests3.csproj", "{A92A420D-BC2E-420E-B8FC-46C859AECD6F}"
EndProject
Global
	GlobalSection(SolutionConfigurationPlatforms) = preSolution
		Debug|Any CPU = Debug|Any CPU
		Release|Any CPU = Release|Any CPU
	EndGlobalSection
	GlobalSection(ProjectConfigurationPlatforms) = postSolution
		{A92A420D-BC2E-420E-B8FC-46C859AECD6F}.Debug|Any CPU.ActiveCfg = Debug|Any CPU
		{A92A420D-BC2E-420E-B8FC-46C859AECD6F}.Debug|Any CPU.Build.0 = Debug|Any CPU
		{A92A420D-BC2E-420E-B8FC-46C859AECD6F}.Release|Any CPU.ActiveCfg = Release|Any CPU
		{A92A420D-BC2E-420E-B8FC-46C859AECD6F}.Release|Any CPU.Build.0 = Release|Any CPU
	EndGlobalSection
	GlobalSection(SolutionProperties) = preSolution
		HideSolutionNode = FALSE
	EndGlobalSection
	GlobalSection(ExtensibilityGlobals) = postSolution
		SolutionGuid = {BBDA47B9-07DD-438B-B11B-6E0023E848D5}
	EndGlobalSection
EndGlobal
